// !$*UTF8*$!
{
	archiveVersion = 1;
	classes = {
	};
	objectVersion = 50;
	objects = {

/* Begin PBXBuildFile section */
		176ADED3252C3A1200E1C6AE /* AppDelegate.swift in Sources */ = {isa = PBXBuildFile; fileRef = 176ADED2252C3A1200E1C6AE /* AppDelegate.swift */; };
		176ADED5252C3A1200E1C6AE /* SceneDelegate.swift in Sources */ = {isa = PBXBuildFile; fileRef = 176ADED4252C3A1200E1C6AE /* SceneDelegate.swift */; };
		176ADED7252C3A1200E1C6AE /* ViewController.swift in Sources */ = {isa = PBXBuildFile; fileRef = 176ADED6252C3A1200E1C6AE /* ViewController.swift */; };
		176ADEDA252C3A1200E1C6AE /* Main.storyboard in Resources */ = {isa = PBXBuildFile; fileRef = 176ADED8252C3A1200E1C6AE /* Main.storyboard */; };
		176ADEDC252C3A1500E1C6AE /* Assets.xcassets in Resources */ = {isa = PBXBuildFile; fileRef = 176ADEDB252C3A1500E1C6AE /* Assets.xcassets */; };
		176ADEDF252C3A1500E1C6AE /* LaunchScreen.storyboard in Resources */ = {isa = PBXBuildFile; fileRef = 176ADEDD252C3A1500E1C6AE /* LaunchScreen.storyboard */; };
/* End PBXBuildFile section */

/* Begin PBXFileReference section */
		176ADECF252C3A1200E1C6AE /* Swift5Timer1.app */ = {isa = PBXFileReference; explicitFileType = wrapper.application; includeInIndex = 0; path = Swift5Timer1.app; sourceTree = BUILT_PRODUCTS_DIR; };
		176ADED2252C3A1200E1C6AE /* AppDelegate.swift */ = {isa = PBXFileReference; lastKnownFileType = sourcecode.swift; path = AppDelegate.swift; sourceTree = "<group>"; };
		176ADED4252C3A1200E1C6AE /* SceneDelegate.swift */ = {isa = PBXFileReference; lastKnownFileType = sourcecode.swift; path = SceneDelegate.swift; sourceTree = "<group>"; };
		176ADED6252C3A1200E1C6AE /* ViewController.swift */ = {isa = PBXFileReference; lastKnownFileType = sourcecode.swift; path = ViewController.swift; sourceTree = "<group>"; };
		176ADED9252C3A1200E1C6AE /* Base */ = {isa = PBXFileReference; lastKnownFileType = file.storyboard; name = Base; path = Base.lproj/Main.storyboard; sourceTree = "<group>"; };
		176ADEDB252C3A1500E1C6AE /* Assets.xcassets */ = {isa = PBXFileReference; lastKnownFileType = folder.assetcatalog; path = Assets.xcassets; sourceTree = "<group>"; };
		176ADEDE252C3A1500E1C6AE /* Base */ = {isa = PBXFileReference; lastKnownFileType = file.storyboard; name = Base; path = Base.lproj/LaunchScreen.storyboard; sourceTree = "<group>"; };
		176ADEE0252C3A1500E1C6AE /* Info.plist */ = {isa = PBXFileReference; lastKnownFileType = text.plist.xml; path = Info.plist; sourceTree = "<group>"; };
/* End PBXFileReference section */

/* Begin PBXFrameworksBuildPhase section */
		176ADECC252C3A1200E1C6AE /* Frameworks */ = {
			isa = PBXFrameworksBuildPhase;
			buildActionMask = 2147483647;
			files = (
			);
			runOnlyForDeploymentPostprocessing = 0;
		};
/* End PBXFrameworksBuildPhase section */

/* Begin PBXGroup section */
		176ADEC6252C3A1200E1C6AE = {
			isa = PBXGroup;
			children = (
				176ADED1252C3A1200E1C6AE /* Swift5Timer1 */,
				176ADED0252C3A1200E1C6AE /* Products */,
			);
			sourceTree = "<group>";
		};
		176ADED0252C3A1200E1C6AE /* Products */ = {
			isa = PBXGroup;
			children = (
				176ADECF252C3A1200E1C6AE /* Swift5Timer1.app */,
			);
			name = Products;
			sourceTree = "<group>";
		};
		176ADED1252C3A1200E1C6AE /* Swift5Timer1 */ = {
			isa = PBXGroup;
			children = (
				176ADED2252C3A1200E1C6AE /* AppDelegate.swift */,
				176ADED4252C3A1200E1C6AE /* SceneDelegate.swift */,
				176ADED6252C3A1200E1C6AE /* ViewController.swift */,
				176ADED8252C3A1200E1C6AE /* Main.storyboard */,
				176ADEDB252C3A1500E1C6AE /* Assets.xcassets */,
				176ADEDD252C3A1500E1C6AE /* LaunchScreen.storyboard */,
				176ADEE0252C3A1500E1C6AE /* Info.plist */,
			);
			path = Swift5Timer1;
			sourceTree = "<group>";
		};
/* End PBXGroup section */

/* Begin PBXNativeTarget section */
		176ADECE252C3A1200E1C6AE /* Swift5Timer1 */ = {
			isa = PBXNativeTarget;
			buildConfigurationList = 176ADEE3252C3A1500E1C6AE /* Build configuration list for PBXNativeTarget "Swift5Timer1" */;
			buildPhases = (
				176ADECB252C3A1200E1C6AE /* Sources */,
				176ADECC252C3A1200E1C6AE /* Frameworks */,
				176ADECD252C3A1200E1C6AE /* Resources */,
			);
			buildRules = (
			);
			dependencies = (
			);
			name = Swift5Timer1;
			productName = Swift5Timer1;
			productReference = 176ADECF252C3A1200E1C6AE /* Swift5Timer1.app */;
			productType = "com.apple.product-type.application";
		};
/* End PBXNativeTarget section */

/* Begin PBXProject section */
		176ADEC7252C3A1200E1C6AE /* Project object */ = {
			isa = PBXProject;
			attributes = {
				LastSwiftUpdateCheck = 1200;
				LastUpgradeCheck = 1200;
				TargetAttributes = {
					176ADECE252C3A1200E1C6AE = {
						CreatedOnToolsVersion = 12.0.1;
					};
				};
			};
			buildConfigurationList = 176ADECA252C3A1200E1C6AE /* Build configuration list for PBXProject "Swift5Timer1" */;
			compatibilityVersion = "Xcode 9.3";
			developmentRegion = en;
			hasScannedForEncodings = 0;
			knownRegions = (
				en,
				Base,
			);
			mainGroup = 176ADEC6252C3A1200E1C6AE;
			productRefGroup = 176ADED0252C3A1200E1C6AE /* Products */;
			projectDirPath = "";
			projectRoot = "";
			targets = (
				176ADECE252C3A1200E1C6AE /* Swift5Timer1 */,
			);
		};
/* End PBXProject section */

/* Begin PBXResourcesBuildPhase section */
		176ADECD252C3A1200E1C6AE /* Resources */ = {
			isa = PBXResourcesBuildPhase;
			buildActionMask = 2147483647;
			files = (
				176ADEDF252C3A1500E1C6AE /* LaunchScreen.storyboard in Resources */,
				176ADEDC252C3A1500E1C6AE /* Assets.xcassets in Resources */,
				176ADEDA252C3A1200E1C6AE /* Main.storyboard in Resources */,
			);
			runOnlyForDeploymentPostprocessing = 0;
		};
/* End PBXResourcesBuildPhase section */

/* Begin PBXSourcesBuildPhase section */
		176ADECB252C3A1200E1C6AE /* Sources */ = {
			isa = PBXSourcesBuildPhase;
			buildActionMask = 2147483647;
			files = (
				176ADED7252C3A1200E1C6AE /* ViewController.swift in Sources */,
				176ADED3252C3A1200E1C6AE /* AppDelegate.swift in Sources */,
				176ADED5252C3A1200E1C6AE /* SceneDelegate.swift in Sources */,
			);
			runOnlyForDeploymentPostprocessing = 0;
		};
/* End PBXSourcesBuildPhase section */

/* Begin PBXVariantGroup section */
		176ADED8252C3A1200E1C6AE /* Main.storyboard */ = {
			isa = PBXVariantGroup;
			children = (
				176ADED9252C3A1200E1C6AE /* Base */,
			);
			name = Main.storyboard;
			sourceTree = "<group>";
		};
		176ADEDD252C3A1500E1C6AE /* LaunchScreen.storyboard */ = {
			isa = PBXVariantGroup;
			children = (
				176ADEDE252C3A1500E1C6AE /* Base */,
			);
			name = LaunchScreen.storyboard;
			sourceTree = "<group>";
		};
/* End PBXVariantGroup section */

/* Begin XCBuildConfiguration section */
		176ADEE1252C3A1500E1C6AE /* Debug */ = {
			isa = XCBuildConfiguration;
			buildSettings = {
				ALWAYS_SEARCH_USER_PATHS = NO;
				CLANG_ANALYZER_NONNULL = YES;
				CLANG_ANALYZER_NUMBER_OBJECT_CONVERSION = YES_AGGRESSIVE;
				CLANG_CXX_LANGUAGE_STANDARD = "gnu++14";
				CLANG_CXX_LIBRARY = "libc++";
				CLANG_ENABLE_MODULES = YES;
				CLANG_ENABLE_OBJC_ARC = YES;
				CLANG_ENABLE_OBJC_WEAK = YES;
				CLANG_WARN_BLOCK_CAPTURE_AUTORELEASING = YES;
				CLANG_WARN_BOOL_CONVERSION = YES;
				CLANG_WARN_COMMA = YES;
				CLANG_WARN_CONSTANT_CONVERSION = YES;
				CLANG_WARN_DEPRECATED_OBJC_IMPLEMENTATIONS = YES;
				CLANG_WARN_DIRECT_OBJC_ISA_USAGE = YES_ERROR;
				CLANG_WARN_DOCUMENTATION_COMMENTS = YES;
				CLANG_WARN_EMPTY_BODY = YES;
				CLANG_WARN_ENUM_CONVERSION = YES;
				CLANG_WARN_INFINITE_RECURSION = YES;
				CLANG_WARN_INT_CONVERSION = YES;
				CLANG_WARN_NON_LITERAL_NULL_CONVERSION = YES;
				CLANG_WARN_OBJC_IMPLICIT_RETAIN_SELF = YES;
				CLANG_WARN_OBJC_LITERAL_CONVERSION = YES;
				CLANG_WARN_OBJC_ROOT_CLASS = YES_ERROR;
				CLANG_WARN_QUOTED_INCLUDE_IN_FRAMEWORK_HEADER = YES;
				CLANG_WARN_RANGE_LOOP_ANALYSIS = YES;
				CLANG_WARN_STRICT_PROTOTYPES = YES;
				CLANG_WARN_SUSPICIOUS_MOVE = YES;
				CLANG_WARN_UNGUARDED_AVAILABILITY = YES_AGGRESSIVE;
				CLANG_WARN_UNREACHABLE_CODE = YES;
				CLANG_WARN__DUPLICATE_METHOD_MATCH = YES;
				COPY_PHASE_STRIP = NO;
				DEBUG_INFORMATION_FORMAT = dwarf;
				ENABLE_STRICT_OBJC_MSGSEND = YES;
				ENABLE_TESTABILITY = YES;
				GCC_C_LANGUAGE_STANDARD = gnu11;
				GCC_DYNAMIC_NO_PIC = NO;
				GCC_NO_COMMON_BLOCKS = YES;
				GCC_OPTIMIZATION_LEVEL = 0;
				GCC_PREPROCESSOR_DEFINITIONS = (
					"DEBUG=1",
					"$(inherited)",
				);
				GCC_WARN_64_TO_32_BIT_CONVERSION = YES;
				GCC_WARN_ABOUT_RETURN_TYPE = YES_ERROR;
				GCC_WARN_UNDECLARED_SELECTOR = YES;
				GCC_WARN_UNINITIALIZED_AUTOS = YES_AGGRESSIVE;
				GCC_WARN_UNUSED_FUNCTION = YES;
				GCC_WARN_UNUSED_VARIABLE = YES;
				IPHONEOS_DEPLOYMENT_TARGET = 14.0;
				MTL_ENABLE_DEBUG_INFO = INCLUDE_SOURCE;
				MTL_FAST_MATH = YES;
				ONLY_ACTIVE_ARCH = YES;
				SDKROOT = iphoneos;
				SWIFT_ACTIVE_COMPILATION_CONDITIONS = DEBUG;
				SWIFT_OPTIMIZATION_LEVEL = "-Onone";
			};
			name = Debug;
		};
		176ADEE2252C3A1500E1C6AE /* Release */ = {
			isa = XCBuildConfiguration;
			buildSettings = {
				ALWAYS_SEARCH_USER_PATHS = NO;
				CLANG_ANALYZER_NONNULL = YES;
				CLANG_ANALYZER_NUMBER_OBJECT_CONVERSION = YES_AGGRESSIVE;
				CLANG_CXX_LANGUAGE_STANDARD = "gnu++14";
				CLANG_CXX_LIBRARY = "libc++";
				CLANG_ENABLE_MODULES = YES;
				CLANG_ENABLE_OBJC_ARC = YES;
				CLANG_ENABLE_OBJC_WEAK = YES;
				CLANG_WARN_BLOCK_CAPTURE_AUTORELEASING = YES;
				CLANG_WARN_BOOL_CONVERSION = YES;
				CLANG_WARN_COMMA = YES;
				CLANG_WARN_CONSTANT_CONVERSION = YES;
				CLANG_WARN_DEPRECATED_OBJC_IMPLEMENTATIONS = YES;
				CLANG_WARN_DIRECT_OBJC_ISA_USAGE = YES_ERROR;
				CLANG_WARN_DOCUMENTATION_COMMENTS = YES;
				CLANG_WARN_EMPTY_BODY = YES;
				CLANG_WARN_ENUM_CONVERSION = YES;
				CLANG_WARN_INFINITE_RECURSION = YES;
				CLANG_WARN_INT_CONVERSION = YES;
				CLANG_WARN_NON_LITERAL_NULL_CONVERSION = YES;
				CLANG_WARN_OBJC_IMPLICIT_RETAIN_SELF = YES;
				CLANG_WARN_OBJC_LITERAL_CONVERSION = YES;
				CLANG_WARN_OBJC_ROOT_CLASS = YES_ERROR;
				CLANG_WARN_QUOTED_INCLUDE_IN_FRAMEWORK_HEADER = YES;
				CLANG_WARN_RANGE_LOOP_ANALYSIS = YES;
				CLANG_WARN_STRICT_PROTOTYPES = YES;
				CLANG_WARN_SUSPICIOUS_MOVE = YES;
				CLANG_WARN_UNGUARDED_AVAILABILITY = YES_AGGRESSIVE;
				CLANG_WARN_UNREACHABLE_CODE = YES;
				CLANG_WARN__DUPLICATE_METHOD_MATCH = YES;
				COPY_PHASE_STRIP = NO;
				DEBUG_INFORMATION_FORMAT = "dwarf-with-dsym";
				ENABLE_NS_ASSERTIONS = NO;
				ENABLE_STRICT_OBJC_MSGSEND = YES;
				GCC_C_LANGUAGE_STANDARD = gnu11;
				GCC_NO_COMMON_BLOCKS = YES;
				GCC_WARN_64_TO_32_BIT_CONVERSION = YES;
				GCC_WARN_ABOUT_RETURN_TYPE = YES_ERROR;
				GCC_WARN_UNDECLARED_SELECTOR = YES;
				GCC_WARN_UNINITIALIZED_AUTOS = YES_AGGRESSIVE;
				GCC_WARN_UNUSED_FUNCTION = YES;
				GCC_WARN_UNUSED_VARIABLE = YES;
				IPHONEOS_DEPLOYMENT_TARGET = 14.0;
				MTL_ENABLE_DEBUG_INFO = NO;
				MTL_FAST_MATH = YES;
				SDKROOT = iphoneos;
				SWIFT_COMPILATION_MODE = wholemodule;
				SWIFT_OPTIMIZATION_LEVEL = "-O";
				VALIDATE_PRODUCT = YES;
			};
			name = Release;
		};
		176ADEE4252C3A1500E1C6AE /* Debug */ = {
			isa = XCBuildConfiguration;
			buildSettings = {
				ASSETCATALOG_COMPILER_APPICON_NAME = AppIcon;
				ASSETCATALOG_COMPILER_GLOBAL_ACCENT_COLOR_NAME = AccentColor;
				CODE_SIGN_STYLE = Automatic;
				INFOPLIST_FILE = Swift5Timer1/Info.plist;
				LD_RUNPATH_SEARCH_PATHS = (
					"$(inherited)",
					"@executable_path/Frameworks",
				);
				PRODUCT_BUNDLE_IDENTIFIER = "Satoshi-Ota.Swift5Timer1";
				PRODUCT_NAME = "$(TARGET_NAME)";
				SWIFT_VERSION = 5.0;
				TARGETED_DEVICE_FAMILY = "1,2";
			};
			name = Debug;
		};
		176ADEE5252C3A1500E1C6AE /* Release */ = {
			isa = XCBuildConfiguration;
			buildSettings = {
				ASSETCATALOG_COMPILER_APPICON_NAME = AppIcon;
				ASSETCATALOG_COMPILER_GLOBAL_ACCENT_COLOR_NAME = AccentColor;
				CODE_SIGN_STYLE = Automatic;
				INFOPLIST_FILE = Swift5Timer1/Info.plist;
				LD_RUNPATH_SEARCH_PATHS = (
					"$(inherited)",
					"@executable_path/Frameworks",
				);
				PRODUCT_BUNDLE_IDENTIFIER = "Satoshi-Ota.Swift5Timer1";
				PRODUCT_NAME = "$(TARGET_NAME)";
				SWIFT_VERSION = 5.0;
				TARGETED_DEVICE_FAMILY = "1,2";
			};
			name = Release;
		};
/* End XCBuildConfiguration section */

/* Begin XCConfigurationList section */
		176ADECA252C3A1200E1C6AE /* Build configuration list for PBXProject "Swift5Timer1" */ = {
			isa = XCConfigurationList;
			buildConfigurations = (
				176ADEE1252C3A1500E1C6AE /* Debug */,
				176ADEE2252C3A1500E1C6AE /* Release */,
			);
			defaultConfigurationIsVisible = 0;
			defaultConfigurationName = Release;
		};
		176ADEE3252C3A1500E1C6AE /* Build configuration list for PBXNativeTarget "Swift5Timer1" */ = {
			isa = XCConfigurationList;
			buildConfigurations = (
				176ADEE4252C3A1500E1C6AE /* Debug */,
				176ADEE5252C3A1500E1C6AE /* Release */,
			);
			defaultConfigurationIsVisible = 0;
			defaultConfigurationName = Release;
		};
/* End XCConfigurationList section */
	};
	rootObject = 176ADEC7252C3A1200E1C6AE /* Project object */;
}
